
Microsoft Visual Studio Solution File, Format Version 12.00
# Visual Studio 14
VisualStudioVersion = 14.0.25123.0
MinimumVisualStudioVersion = 10.0.40219.1
Project("{FAE04EC0-301F-11D3-BF4B-00C04F79EFBC}") = "A", "A\A.csproj", "{03227524-91A6-415F-AB3F-BC95BA8BAED3}"
EndProject
Project("{FAE04EC0-301F-11D3-BF4B-00C04F79EFBC}") = "B", "..\B\B.csproj", "{70D4EDD4-0688-45EC-AE71-9BCA4B1D032E}"
EndProject
Global
	GlobalSection(SolutionConfigurationPlatforms) = preSolution
		Debug|Any CPU = Debug|Any CPU
		Release|Any CPU = Release|Any CPU
	EndGlobalSection
	GlobalSection(ProjectConfigurationPlatforms) = postSolution
		{03227524-91A6-415F-AB3F-BC95BA8BAED3}.Debug|Any CPU.ActiveCfg = Debug|Any CPU
		{03227524-91A6-415F-AB3F-BC95BA8BAED3}.Debug|Any CPU.Build.0 = Debug|Any CPU
		{03227524-91A6-415F-AB3F-BC95BA8BAED3}.Release|Any CPU.ActiveCfg = Release|Any CPU
		{03227524-91A6-415F-AB3F-BC95BA8BAED3}.Release|Any CPU.Build.0 = Release|Any CPU
		{70D4EDD4-0688-45EC-AE71-9BCA4B1D032E}.Debug|Any CPU.ActiveCfg = Debug|Any CPU
		{70D4EDD4-0688-45EC-AE71-9BCA4B1D032E}.Debug|Any CPU.Build.0 = Debug|Any CPU
		{70D4EDD4-0688-45EC-AE71-9BCA4B1D032E}.Release|Any CPU.ActiveCfg = Release|Any CPU
		{70D4EDD4-0688-45EC-AE71-9BCA4B1D032E}.Release|Any CPU.Build.0 = Release|Any CPU
	EndGlobalSection
	GlobalSection(SolutionProperties) = preSolution
		HideSolutionNode = FALSE
	EndGlobalSection
EndGlobal
